
Microsoft Visual Studio Solution File, Format Version 12.00
Project("{FAE04EC0-301F-11D3-BF4B-00C04F79EFBC}") = "Audit Scanner", "Audit Scanner\Audit Scanner.csproj", "{C744B55B-B342-44D7-BCC9-B1C07CC89CA5}"
EndProject
Global
	GlobalSection(SolutionConfigurationPlatforms) = preSolution
		Debug|Any CPU = Debug|Any CPU
		Release|Any CPU = Release|Any CPU
	EndGlobalSection
	GlobalSection(ProjectConfigurationPlatforms) = postSolution
		{C744B55B-B342-44D7-BCC9-B1C07CC89CA5}.Debug|Any CPU.ActiveCfg = Debug|Any CPU
		{C744B55B-B342-44D7-BCC9-B1C07CC89CA5}.Debug|Any CPU.Build.0 = Debug|Any CPU
		{C744B55B-B342-44D7-BCC9-B1C07CC89CA5}.Release|Any CPU.ActiveCfg = Release|Any CPU
		{C744B55B-B342-44D7-BCC9-B1C07CC89CA5}.Release|Any CPU.Build.0 = Release|Any CPU
	EndGlobalSection
EndGlobal
